
Microsoft Visual Studio Solution File, Format Version 12.00
# Visual Studio 15
VisualStudioVersion = 15.0.27130.2010
MinimumVisualStudioVersion = 10.0.40219.1
Project("{888888A0-9F3D-457C-B088-3A5042F75D52}") = "fl-dungeon", "fl-dungeon.pyproj", "{BC20FC1C-5298-4922-BEB5-27F6BB6212E5}"
EndProject
Global
	GlobalSection(SolutionConfigurationPlatforms) = preSolution
		Debug|Any CPU = Debug|Any CPU
		Release|Any CPU = Release|Any CPU
	EndGlobalSection
	GlobalSection(ProjectConfigurationPlatforms) = postSolution
		{BC20FC1C-5298-4922-BEB5-27F6BB6212E5}.Debug|Any CPU.ActiveCfg = Debug|Any CPU
		{BC20FC1C-5298-4922-BEB5-27F6BB6212E5}.Release|Any CPU.ActiveCfg = Release|Any CPU
	EndGlobalSection
	GlobalSection(SolutionProperties) = preSolution
		HideSolutionNode = FALSE
	EndGlobalSection
	GlobalSection(ExtensibilityGlobals) = postSolution
		SolutionGuid = {41B32081-F72B-4376-AAA8-8C13699C8F55}
	EndGlobalSection
EndGlobal
